// !$*UTF8*$!
{
	archiveVersion = 1;
	classes = {
	};
	objectVersion = 48;
	objects = {

/* Begin PBXBuildFile section */
		1FC25EC71FD00489009C5C73 /* AppDelegate.m in Sources */ = {isa = PBXBuildFile; fileRef = 1FC25EC61FD00489009C5C73 /* AppDelegate.m */; };
		1FC25ECF1FD00489009C5C73 /* Assets.xcassets in Resources */ = {isa = PBXBuildFile; fileRef = 1FC25ECE1FD00489009C5C73 /* Assets.xcassets */; };
		1FC25ED21FD00489009C5C73 /* LaunchScreen.storyboard in Resources */ = {isa = PBXBuildFile; fileRef = 1FC25ED01FD00489009C5C73 /* LaunchScreen.storyboard */; };
		1FC25ED51FD00489009C5C73 /* main.m in Sources */ = {isa = PBXBuildFile; fileRef = 1FC25ED41FD00489009C5C73 /* main.m */; };
		1FC25EE11FD01B78009C5C73 /* NetworkService.m in Sources */ = {isa = PBXBuildFile; fileRef = 1FC25EDF1FD01B78009C5C73 /* NetworkService.m */; };
		1FC25EE51FD02AF2009C5C73 /* NetworkHelper.m in Sources */ = {isa = PBXBuildFile; fileRef = 1FC25EE41FD02AF2009C5C73 /* NetworkHelper.m */; };
		1FC25EE91FD070A1009C5C73 /* SBSProgressView.m in Sources */ = {isa = PBXBuildFile; fileRef = 1FC25EE81FD070A1009C5C73 /* SBSProgressView.m */; };
		204FD4F32258BE430051886D /* Photo.m in Sources */ = {isa = PBXBuildFile; fileRef = 204FD4F22258BE430051886D /* Photo.m */; };
		20E1051E2268DBEA0056D030 /* MainNavigationAssembly.m in Sources */ = {isa = PBXBuildFile; fileRef = 20E105102268DBEA0056D030 /* MainNavigationAssembly.m */; };
		20E1051F2268DBEA0056D030 /* MainNavigationRouter.m in Sources */ = {isa = PBXBuildFile; fileRef = 20E105142268DBEA0056D030 /* MainNavigationRouter.m */; };
		20E105212268DBEA0056D030 /* MainNavigationPresenter.m in Sources */ = {isa = PBXBuildFile; fileRef = 20E1051A2268DBEA0056D030 /* MainNavigationPresenter.m */; };
		20E105252268DC740056D030 /* MainNavigationTabBarController.m in Sources */ = {isa = PBXBuildFile; fileRef = 20E105242268DC740056D030 /* MainNavigationTabBarController.m */; };
		20E1054B2268E2CB0056D030 /* PhotoEditorViewController.m in Sources */ = {isa = PBXBuildFile; fileRef = 20E1053F2268E2CB0056D030 /* PhotoEditorViewController.m */; };
		20E1054C2268E2CB0056D030 /* PhotoEditorPresenter.m in Sources */ = {isa = PBXBuildFile; fileRef = 20E105432268E2CB0056D030 /* PhotoEditorPresenter.m */; };
		20E1054D2268E2CB0056D030 /* PhotoEditorRouter.m in Sources */ = {isa = PBXBuildFile; fileRef = 20E105462268E2CB0056D030 /* PhotoEditorRouter.m */; };
		20E1054E2268E2CB0056D030 /* PhotoEditorAssembly.m in Sources */ = {isa = PBXBuildFile; fileRef = 20E1054A2268E2CB0056D030 /* PhotoEditorAssembly.m */; };
		20E1055D2268E2DB0056D030 /* PhotoFinderPresenter.m in Sources */ = {isa = PBXBuildFile; fileRef = 20E105502268E2DB0056D030 /* PhotoFinderPresenter.m */; };
		20E1055E2268E2DB0056D030 /* PhotoFinderRouter.m in Sources */ = {isa = PBXBuildFile; fileRef = 20E105542268E2DB0056D030 /* PhotoFinderRouter.m */; };
		20E1055F2268E2DB0056D030 /* PhotoFinderViewController.m in Sources */ = {isa = PBXBuildFile; fileRef = 20E105582268E2DB0056D030 /* PhotoFinderViewController.m */; };
		20E105602268E2DB0056D030 /* PhotoFinderAssembly.m in Sources */ = {isa = PBXBuildFile; fileRef = 20E1055C2268E2DB0056D030 /* PhotoFinderAssembly.m */; };
		20E105642268E3980056D030 /* LocalNotificationService.m in Sources */ = {isa = PBXBuildFile; fileRef = 20E105632268E3980056D030 /* LocalNotificationService.m */; };
		20E1056B22690D070056D030 /* ImageCell.m in Sources */ = {isa = PBXBuildFile; fileRef = 20E1056A22690D070056D030 /* ImageCell.m */; };
		20E105702269C3A50056D030 /* AppSettings.m in Sources */ = {isa = PBXBuildFile; fileRef = 20E1056F2269C3A50056D030 /* AppSettings.m */; };
/* End PBXBuildFile section */

/* Begin PBXFileReference section */
		1FC25EC21FD00489009C5C73 /* NSUrlRequestProject.app */ = {isa = PBXFileReference; explicitFileType = wrapper.application; includeInIndex = 0; path = NSUrlRequestProject.app; sourceTree = BUILT_PRODUCTS_DIR; };
		1FC25EC51FD00489009C5C73 /* AppDelegate.h */ = {isa = PBXFileReference; lastKnownFileType = sourcecode.c.h; path = AppDelegate.h; sourceTree = "<group>"; };
		1FC25EC61FD00489009C5C73 /* AppDelegate.m */ = {isa = PBXFileReference; lastKnownFileType = sourcecode.c.objc; path = AppDelegate.m; sourceTree = "<group>"; };
		1FC25ECE1FD00489009C5C73 /* Assets.xcassets */ = {isa = PBXFileReference; lastKnownFileType = folder.assetcatalog; path = Assets.xcassets; sourceTree = "<group>"; };
		1FC25ED11FD00489009C5C73 /* Base */ = {isa = PBXFileReference; lastKnownFileType = file.storyboard; name = Base; path = Base.lproj/LaunchScreen.storyboard; sourceTree = "<group>"; };
		1FC25ED31FD00489009C5C73 /* Info.plist */ = {isa = PBXFileReference; lastKnownFileType = text.plist.xml; path = Info.plist; sourceTree = "<group>"; };
		1FC25ED41FD00489009C5C73 /* main.m */ = {isa = PBXFileReference; lastKnownFileType = sourcecode.c.objc; path = main.m; sourceTree = "<group>"; };
		1FC25EDF1FD01B78009C5C73 /* NetworkService.m */ = {isa = PBXFileReference; fileEncoding = 4; lastKnownFileType = sourcecode.c.objc; path = NetworkService.m; sourceTree = "<group>"; };
		1FC25EE01FD01B78009C5C73 /* NetworkService.h */ = {isa = PBXFileReference; fileEncoding = 4; lastKnownFileType = sourcecode.c.h; path = NetworkService.h; sourceTree = "<group>"; };
		1FC25EE21FD01B98009C5C73 /* NetworkServiceProtocol.h */ = {isa = PBXFileReference; lastKnownFileType = sourcecode.c.h; path = NetworkServiceProtocol.h; sourceTree = "<group>"; };
		1FC25EE31FD02AF2009C5C73 /* NetworkHelper.h */ = {isa = PBXFileReference; lastKnownFileType = sourcecode.c.h; path = NetworkHelper.h; sourceTree = "<group>"; };
		1FC25EE41FD02AF2009C5C73 /* NetworkHelper.m */ = {isa = PBXFileReference; lastKnownFileType = sourcecode.c.objc; path = NetworkHelper.m; sourceTree = "<group>"; };
		1FC25EE71FD070A1009C5C73 /* SBSProgressView.h */ = {isa = PBXFileReference; lastKnownFileType = sourcecode.c.h; path = SBSProgressView.h; sourceTree = "<group>"; };
		1FC25EE81FD070A1009C5C73 /* SBSProgressView.m */ = {isa = PBXFileReference; lastKnownFileType = sourcecode.c.objc; path = SBSProgressView.m; sourceTree = "<group>"; };
		204FD4F12258BE430051886D /* Photo.h */ = {isa = PBXFileReference; lastKnownFileType = sourcecode.c.h; path = Photo.h; sourceTree = "<group>"; };
		204FD4F22258BE430051886D /* Photo.m */ = {isa = PBXFileReference; lastKnownFileType = sourcecode.c.objc; path = Photo.m; sourceTree = "<group>"; };
		20E105102268DBEA0056D030 /* MainNavigationAssembly.m */ = {isa = PBXFileReference; fileEncoding = 4; lastKnownFileType = sourcecode.c.objc; path = MainNavigationAssembly.m; sourceTree = "<group>"; };
		20E105112268DBEA0056D030 /* MainNavigationAssembly.h */ = {isa = PBXFileReference; fileEncoding = 4; lastKnownFileType = sourcecode.c.h; path = MainNavigationAssembly.h; sourceTree = "<group>"; };
		20E105132268DBEA0056D030 /* MainNavigationRouter.h */ = {isa = PBXFileReference; fileEncoding = 4; lastKnownFileType = sourcecode.c.h; path = MainNavigationRouter.h; sourceTree = "<group>"; };
		20E105142268DBEA0056D030 /* MainNavigationRouter.m */ = {isa = PBXFileReference; fileEncoding = 4; lastKnownFileType = sourcecode.c.objc; path = MainNavigationRouter.m; sourceTree = "<group>"; };
		20E105182268DBEA0056D030 /* NSUrlRequestProject-Bridging-Header.h */ = {isa = PBXFileReference; fileEncoding = 4; lastKnownFileType = sourcecode.c.h; path = "NSUrlRequestProject-Bridging-Header.h"; sourceTree = "<group>"; };
		20E1051A2268DBEA0056D030 /* MainNavigationPresenter.m */ = {isa = PBXFileReference; fileEncoding = 4; lastKnownFileType = sourcecode.c.objc; path = MainNavigationPresenter.m; sourceTree = "<group>"; };
		20E1051B2268DBEA0056D030 /* MainNavigationPresenter.h */ = {isa = PBXFileReference; fileEncoding = 4; lastKnownFileType = sourcecode.c.h; path = MainNavigationPresenter.h; sourceTree = "<group>"; };
		20E1051D2268DBEA0056D030 /* MainNavigationProtocols.h */ = {isa = PBXFileReference; fileEncoding = 4; lastKnownFileType = sourcecode.c.h; path = MainNavigationProtocols.h; sourceTree = "<group>"; };
		20E105222268DC280056D030 /* NSUrlRequestProject.entitlements */ = {isa = PBXFileReference; lastKnownFileType = text.plist.entitlements; path = NSUrlRequestProject.entitlements; sourceTree = "<group>"; };
		20E105232268DC740056D030 /* MainNavigationTabBarController.h */ = {isa = PBXFileReference; lastKnownFileType = sourcecode.c.h; path = MainNavigationTabBarController.h; sourceTree = "<group>"; };
		20E105242268DC740056D030 /* MainNavigationTabBarController.m */ = {isa = PBXFileReference; lastKnownFileType = sourcecode.c.objc; path = MainNavigationTabBarController.m; sourceTree = "<group>"; };
		20E1053E2268E2CB0056D030 /* PhotoEditorViewController.h */ = {isa = PBXFileReference; fileEncoding = 4; lastKnownFileType = sourcecode.c.h; path = PhotoEditorViewController.h; sourceTree = "<group>"; };
		20E1053F2268E2CB0056D030 /* PhotoEditorViewController.m */ = {isa = PBXFileReference; fileEncoding = 4; lastKnownFileType = sourcecode.c.objc; path = PhotoEditorViewController.m; sourceTree = "<group>"; };
		20E105412268E2CB0056D030 /* PhotoEditorProtocols.h */ = {isa = PBXFileReference; fileEncoding = 4; lastKnownFileType = sourcecode.c.h; path = PhotoEditorProtocols.h; sourceTree = "<group>"; };
		20E105432268E2CB0056D030 /* PhotoEditorPresenter.m */ = {isa = PBXFileReference; fileEncoding = 4; lastKnownFileType = sourcecode.c.objc; path = PhotoEditorPresenter.m; sourceTree = "<group>"; };
		20E105442268E2CB0056D030 /* PhotoEditorPresenter.h */ = {isa = PBXFileReference; fileEncoding = 4; lastKnownFileType = sourcecode.c.h; path = PhotoEditorPresenter.h; sourceTree = "<group>"; };
		20E105462268E2CB0056D030 /* PhotoEditorRouter.m */ = {isa = PBXFileReference; fileEncoding = 4; lastKnownFileType = sourcecode.c.objc; path = PhotoEditorRouter.m; sourceTree = "<group>"; };
		20E105472268E2CB0056D030 /* PhotoEditorRouter.h */ = {isa = PBXFileReference; fileEncoding = 4; lastKnownFileType = sourcecode.c.h; path = PhotoEditorRouter.h; sourceTree = "<group>"; };
		20E105492268E2CB0056D030 /* PhotoEditorAssembly.h */ = {isa = PBXFileReference; fileEncoding = 4; lastKnownFileType = sourcecode.c.h; path = PhotoEditorAssembly.h; sourceTree = "<group>"; };
		20E1054A2268E2CB0056D030 /* PhotoEditorAssembly.m */ = {isa = PBXFileReference; fileEncoding = 4; lastKnownFileType = sourcecode.c.objc; path = PhotoEditorAssembly.m; sourceTree = "<group>"; };
		20E105502268E2DB0056D030 /* PhotoFinderPresenter.m */ = {isa = PBXFileReference; fileEncoding = 4; lastKnownFileType = sourcecode.c.objc; path = PhotoFinderPresenter.m; sourceTree = "<group>"; };
		20E105512268E2DB0056D030 /* PhotoFinderPresenter.h */ = {isa = PBXFileReference; fileEncoding = 4; lastKnownFileType = sourcecode.c.h; path = PhotoFinderPresenter.h; sourceTree = "<group>"; };
		20E105532268E2DB0056D030 /* PhotoFinderRouter.h */ = {isa = PBXFileReference; fileEncoding = 4; lastKnownFileType = sourcecode.c.h; path = PhotoFinderRouter.h; sourceTree = "<group>"; };
		20E105542268E2DB0056D030 /* PhotoFinderRouter.m */ = {isa = PBXFileReference; fileEncoding = 4; lastKnownFileType = sourcecode.c.objc; path = PhotoFinderRouter.m; sourceTree = "<group>"; };
		20E105562268E2DB0056D030 /* PhotoFinderProtocols.h */ = {isa = PBXFileReference; fileEncoding = 4; lastKnownFileType = sourcecode.c.h; path = PhotoFinderProtocols.h; sourceTree = "<group>"; };
		20E105582268E2DB0056D030 /* PhotoFinderViewController.m */ = {isa = PBXFileReference; fileEncoding = 4; lastKnownFileType = sourcecode.c.objc; path = PhotoFinderViewController.m; sourceTree = "<group>"; };
		20E105592268E2DB0056D030 /* PhotoFinderViewController.h */ = {isa = PBXFileReference; fileEncoding = 4; lastKnownFileType = sourcecode.c.h; path = PhotoFinderViewController.h; sourceTree = "<group>"; };
		20E1055B2268E2DB0056D030 /* PhotoFinderAssembly.h */ = {isa = PBXFileReference; fileEncoding = 4; lastKnownFileType = sourcecode.c.h; path = PhotoFinderAssembly.h; sourceTree = "<group>"; };
		20E1055C2268E2DB0056D030 /* PhotoFinderAssembly.m */ = {isa = PBXFileReference; fileEncoding = 4; lastKnownFileType = sourcecode.c.objc; path = PhotoFinderAssembly.m; sourceTree = "<group>"; };
		20E105622268E3980056D030 /* LocalNotificationService.h */ = {isa = PBXFileReference; lastKnownFileType = sourcecode.c.h; path = LocalNotificationService.h; sourceTree = "<group>"; };
		20E105632268E3980056D030 /* LocalNotificationService.m */ = {isa = PBXFileReference; lastKnownFileType = sourcecode.c.objc; path = LocalNotificationService.m; sourceTree = "<group>"; };
		20E1056922690D070056D030 /* ImageCell.h */ = {isa = PBXFileReference; lastKnownFileType = sourcecode.c.h; path = ImageCell.h; sourceTree = "<group>"; };
		20E1056A22690D070056D030 /* ImageCell.m */ = {isa = PBXFileReference; lastKnownFileType = sourcecode.c.objc; path = ImageCell.m; sourceTree = "<group>"; };
		20E1056E2269C3A50056D030 /* AppSettings.h */ = {isa = PBXFileReference; lastKnownFileType = sourcecode.c.h; path = AppSettings.h; sourceTree = "<group>"; };
		20E1056F2269C3A50056D030 /* AppSettings.m */ = {isa = PBXFileReference; lastKnownFileType = sourcecode.c.objc; path = AppSettings.m; sourceTree = "<group>"; };
/* End PBXFileReference section */

/* Begin PBXFrameworksBuildPhase section */
		1FC25EBF1FD00489009C5C73 /* Frameworks */ = {
			isa = PBXFrameworksBuildPhase;
			buildActionMask = 2147483647;
			files = (
			);
			runOnlyForDeploymentPostprocessing = 0;
		};
/* End PBXFrameworksBuildPhase section */

/* Begin PBXGroup section */
		1FC25EB91FD00489009C5C73 = {
			isa = PBXGroup;
			children = (
				1FC25EC41FD00489009C5C73 /* NSUrlRequestProject */,
				1FC25EC31FD00489009C5C73 /* Products */,
			);
			sourceTree = "<group>";
		};
		1FC25EC31FD00489009C5C73 /* Products */ = {
			isa = PBXGroup;
			children = (
				1FC25EC21FD00489009C5C73 /* NSUrlRequestProject.app */,
			);
			name = Products;
			sourceTree = "<group>";
		};
		1FC25EC41FD00489009C5C73 /* NSUrlRequestProject */ = {
			isa = PBXGroup;
			children = (
				20E105222268DC280056D030 /* NSUrlRequestProject.entitlements */,
				20E105612268E3860056D030 /* Services */,
				204FD4F02258BE340051886D /* Model */,
				1FC25EE61FD07084009C5C73 /* CustomProgressView */,
				1FC25EDB1FD01610009C5C73 /* NetworkService */,
				20E105262268E1540056D030 /* Modules */,
				20D139422268DA9800866EC3 /* MainNavigation */,
				20E1056522690CD60056D030 /* Common */,
				20E1056C226928990056D030 /* Application */,
				20E1056D226928A20056D030 /* AppSettings */,
				1FC25ECE1FD00489009C5C73 /* Assets.xcassets */,
				1FC25ED01FD00489009C5C73 /* LaunchScreen.storyboard */,
				20E105182268DBEA0056D030 /* NSUrlRequestProject-Bridging-Header.h */,
				1FC25ED31FD00489009C5C73 /* Info.plist */,
				1FC25ED41FD00489009C5C73 /* main.m */,
			);
			path = NSUrlRequestProject;
			sourceTree = "<group>";
		};
		1FC25EDB1FD01610009C5C73 /* NetworkService */ = {
			isa = PBXGroup;
			children = (
				1FC25EE21FD01B98009C5C73 /* NetworkServiceProtocol.h */,
				1FC25EE01FD01B78009C5C73 /* NetworkService.h */,
				1FC25EDF1FD01B78009C5C73 /* NetworkService.m */,
				1FC25EE31FD02AF2009C5C73 /* NetworkHelper.h */,
				1FC25EE41FD02AF2009C5C73 /* NetworkHelper.m */,
			);
			path = NetworkService;
			sourceTree = "<group>";
		};
		1FC25EE61FD07084009C5C73 /* CustomProgressView */ = {
			isa = PBXGroup;
			children = (
				1FC25EE71FD070A1009C5C73 /* SBSProgressView.h */,
				1FC25EE81FD070A1009C5C73 /* SBSProgressView.m */,
			);
			path = CustomProgressView;
			sourceTree = "<group>";
		};
		204FD4F02258BE340051886D /* Model */ = {
			isa = PBXGroup;
			children = (
				204FD4F12258BE430051886D /* Photo.h */,
				204FD4F22258BE430051886D /* Photo.m */,
			);
			path = Model;
			sourceTree = "<group>";
		};
		20D139422268DA9800866EC3 /* MainNavigation */ = {
			isa = PBXGroup;
			children = (
				20E1050F2268DBEA0056D030 /* Assembly */,
				20E105192268DBEA0056D030 /* Presenter */,
				20E1051C2268DBEA0056D030 /* Protocols */,
				20E105122268DBEA0056D030 /* Router */,
				20E105152268DBEA0056D030 /* View */,
			);
			path = MainNavigation;
			sourceTree = "<group>";
		};
		20E1050F2268DBEA0056D030 /* Assembly */ = {
			isa = PBXGroup;
			children = (
				20E105102268DBEA0056D030 /* MainNavigationAssembly.m */,
				20E105112268DBEA0056D030 /* MainNavigationAssembly.h */,
			);
			path = Assembly;
			sourceTree = "<group>";
		};
		20E105122268DBEA0056D030 /* Router */ = {
			isa = PBXGroup;
			children = (
				20E105132268DBEA0056D030 /* MainNavigationRouter.h */,
				20E105142268DBEA0056D030 /* MainNavigationRouter.m */,
			);
			path = Router;
			sourceTree = "<group>";
		};
		20E105152268DBEA0056D030 /* View */ = {
			isa = PBXGroup;
			children = (
				20E105232268DC740056D030 /* MainNavigationTabBarController.h */,
				20E105242268DC740056D030 /* MainNavigationTabBarController.m */,
			);
			path = View;
			sourceTree = "<group>";
		};
		20E105192268DBEA0056D030 /* Presenter */ = {
			isa = PBXGroup;
			children = (
				20E1051A2268DBEA0056D030 /* MainNavigationPresenter.m */,
				20E1051B2268DBEA0056D030 /* MainNavigationPresenter.h */,
			);
			path = Presenter;
			sourceTree = "<group>";
		};
		20E1051C2268DBEA0056D030 /* Protocols */ = {
			isa = PBXGroup;
			children = (
				20E1051D2268DBEA0056D030 /* MainNavigationProtocols.h */,
			);
			path = Protocols;
			sourceTree = "<group>";
		};
		20E105262268E1540056D030 /* Modules */ = {
			isa = PBXGroup;
			children = (
				20E105282268E1F70056D030 /* PhotoEditor */,
				20E105272268E15C0056D030 /* PhotoFinder */,
			);
			path = Modules;
			sourceTree = "<group>";
		};
		20E105272268E15C0056D030 /* PhotoFinder */ = {
			isa = PBXGroup;
			children = (
				20E1055A2268E2DB0056D030 /* Assembly */,
				20E1054F2268E2DB0056D030 /* Presenter */,
				20E105552268E2DB0056D030 /* Protocols */,
				20E105522268E2DB0056D030 /* Router */,
				20E105572268E2DB0056D030 /* View */,
			);
			path = PhotoFinder;
			sourceTree = "<group>";
		};
		20E105282268E1F70056D030 /* PhotoEditor */ = {
			isa = PBXGroup;
			children = (
				20E105482268E2CB0056D030 /* Assembly */,
				20E105422268E2CB0056D030 /* Presenter */,
				20E105402268E2CB0056D030 /* Protocols */,
				20E105452268E2CB0056D030 /* Router */,
				20E1053D2268E2CB0056D030 /* View */,
			);
			path = PhotoEditor;
			sourceTree = "<group>";
		};
		20E1053D2268E2CB0056D030 /* View */ = {
			isa = PBXGroup;
			children = (
				20E1053E2268E2CB0056D030 /* PhotoEditorViewController.h */,
				20E1053F2268E2CB0056D030 /* PhotoEditorViewController.m */,
			);
			path = View;
			sourceTree = "<group>";
		};
		20E105402268E2CB0056D030 /* Protocols */ = {
			isa = PBXGroup;
			children = (
				20E105412268E2CB0056D030 /* PhotoEditorProtocols.h */,
			);
			path = Protocols;
			sourceTree = "<group>";
		};
		20E105422268E2CB0056D030 /* Presenter */ = {
			isa = PBXGroup;
			children = (
				20E105432268E2CB0056D030 /* PhotoEditorPresenter.m */,
				20E105442268E2CB0056D030 /* PhotoEditorPresenter.h */,
			);
			path = Presenter;
			sourceTree = "<group>";
		};
		20E105452268E2CB0056D030 /* Router */ = {
			isa = PBXGroup;
			children = (
				20E105462268E2CB0056D030 /* PhotoEditorRouter.m */,
				20E105472268E2CB0056D030 /* PhotoEditorRouter.h */,
			);
			path = Router;
			sourceTree = "<group>";
		};
		20E105482268E2CB0056D030 /* Assembly */ = {
			isa = PBXGroup;
			children = (
				20E105492268E2CB0056D030 /* PhotoEditorAssembly.h */,
				20E1054A2268E2CB0056D030 /* PhotoEditorAssembly.m */,
			);
			path = Assembly;
			sourceTree = "<group>";
		};
		20E1054F2268E2DB0056D030 /* Presenter */ = {
			isa = PBXGroup;
			children = (
				20E105502268E2DB0056D030 /* PhotoFinderPresenter.m */,
				20E105512268E2DB0056D030 /* PhotoFinderPresenter.h */,
			);
			path = Presenter;
			sourceTree = "<group>";
		};
		20E105522268E2DB0056D030 /* Router */ = {
			isa = PBXGroup;
			children = (
				20E105532268E2DB0056D030 /* PhotoFinderRouter.h */,
				20E105542268E2DB0056D030 /* PhotoFinderRouter.m */,
			);
			path = Router;
			sourceTree = "<group>";
		};
		20E105552268E2DB0056D030 /* Protocols */ = {
			isa = PBXGroup;
			children = (
				20E105562268E2DB0056D030 /* PhotoFinderProtocols.h */,
			);
			path = Protocols;
			sourceTree = "<group>";
		};
		20E105572268E2DB0056D030 /* View */ = {
			isa = PBXGroup;
			children = (
				20E105582268E2DB0056D030 /* PhotoFinderViewController.m */,
				20E105592268E2DB0056D030 /* PhotoFinderViewController.h */,
			);
			path = View;
			sourceTree = "<group>";
		};
		20E1055A2268E2DB0056D030 /* Assembly */ = {
			isa = PBXGroup;
			children = (
				20E1055B2268E2DB0056D030 /* PhotoFinderAssembly.h */,
				20E1055C2268E2DB0056D030 /* PhotoFinderAssembly.m */,
			);
			path = Assembly;
			sourceTree = "<group>";
		};
		20E105612268E3860056D030 /* Services */ = {
			isa = PBXGroup;
			children = (
				20E105622268E3980056D030 /* LocalNotificationService.h */,
				20E105632268E3980056D030 /* LocalNotificationService.m */,
			);
			path = Services;
			sourceTree = "<group>";
		};
		20E1056522690CD60056D030 /* Common */ = {
			isa = PBXGroup;
			children = (
				20E1056622690CDB0056D030 /* Views */,
			);
			path = Common;
			sourceTree = "<group>";
		};
		20E1056622690CDB0056D030 /* Views */ = {
			isa = PBXGroup;
			children = (
				20E1056722690CE10056D030 /* CollectionViewCells */,
			);
			path = Views;
			sourceTree = "<group>";
		};
		20E1056722690CE10056D030 /* CollectionViewCells */ = {
			isa = PBXGroup;
			children = (
				20E1056822690CEA0056D030 /* ImageCell */,
			);
			path = CollectionViewCells;
			sourceTree = "<group>";
		};
		20E1056822690CEA0056D030 /* ImageCell */ = {
			isa = PBXGroup;
			children = (
				20E1056922690D070056D030 /* ImageCell.h */,
				20E1056A22690D070056D030 /* ImageCell.m */,
			);
			path = ImageCell;
			sourceTree = "<group>";
		};
		20E1056C226928990056D030 /* Application */ = {
			isa = PBXGroup;
			children = (
				1FC25EC51FD00489009C5C73 /* AppDelegate.h */,
				1FC25EC61FD00489009C5C73 /* AppDelegate.m */,
			);
			path = Application;
			sourceTree = "<group>";
		};
		20E1056D226928A20056D030 /* AppSettings */ = {
			isa = PBXGroup;
			children = (
				20E1056E2269C3A50056D030 /* AppSettings.h */,
				20E1056F2269C3A50056D030 /* AppSettings.m */,
			);
			path = AppSettings;
			sourceTree = "<group>";
		};
/* End PBXGroup section */

/* Begin PBXNativeTarget section */
		1FC25EC11FD00489009C5C73 /* NSUrlRequestProject */ = {
			isa = PBXNativeTarget;
			buildConfigurationList = 1FC25ED81FD00489009C5C73 /* Build configuration list for PBXNativeTarget "NSUrlRequestProject" */;
			buildPhases = (
				1FC25EBE1FD00489009C5C73 /* Sources */,
				1FC25EBF1FD00489009C5C73 /* Frameworks */,
				1FC25EC01FD00489009C5C73 /* Resources */,
			);
			buildRules = (
			);
			dependencies = (
			);
			name = NSUrlRequestProject;
			productName = NSUrlRequestProject;
			productReference = 1FC25EC21FD00489009C5C73 /* NSUrlRequestProject.app */;
			productType = "com.apple.product-type.application";
		};
/* End PBXNativeTarget section */

/* Begin PBXProject section */
		1FC25EBA1FD00489009C5C73 /* Project object */ = {
			isa = PBXProject;
			attributes = {
				LastUpgradeCheck = 0910;
				ORGANIZATIONNAME = "Alexey Levanov";
				TargetAttributes = {
					1FC25EC11FD00489009C5C73 = {
						CreatedOnToolsVersion = 9.1;
						LastSwiftMigration = 1020;
						ProvisioningStyle = Automatic;
						SystemCapabilities = {
							com.apple.Push = {
								enabled = 1;
							};
						};
					};
				};
			};
			buildConfigurationList = 1FC25EBD1FD00489009C5C73 /* Build configuration list for PBXProject "NSUrlRequestProject" */;
			compatibilityVersion = "Xcode 8.0";
			developmentRegion = en;
			hasScannedForEncodings = 0;
			knownRegions = (
				en,
				Base,
			);
			mainGroup = 1FC25EB91FD00489009C5C73;
			productRefGroup = 1FC25EC31FD00489009C5C73 /* Products */;
			projectDirPath = "";
			projectRoot = "";
			targets = (
				1FC25EC11FD00489009C5C73 /* NSUrlRequestProject */,
			);
		};
/* End PBXProject section */

/* Begin PBXResourcesBuildPhase section */
		1FC25EC01FD00489009C5C73 /* Resources */ = {
			isa = PBXResourcesBuildPhase;
			buildActionMask = 2147483647;
			files = (
				1FC25ED21FD00489009C5C73 /* LaunchScreen.storyboard in Resources */,
				1FC25ECF1FD00489009C5C73 /* Assets.xcassets in Resources */,
			);
			runOnlyForDeploymentPostprocessing = 0;
		};
/* End PBXResourcesBuildPhase section */

/* Begin PBXSourcesBuildPhase section */
		1FC25EBE1FD00489009C5C73 /* Sources */ = {
			isa = PBXSourcesBuildPhase;
			buildActionMask = 2147483647;
			files = (
				20E105602268E2DB0056D030 /* PhotoFinderAssembly.m in Sources */,
				20E1056B22690D070056D030 /* ImageCell.m in Sources */,
				20E1054D2268E2CB0056D030 /* PhotoEditorRouter.m in Sources */,
				20E1055E2268E2DB0056D030 /* PhotoFinderRouter.m in Sources */,
				204FD4F32258BE430051886D /* Photo.m in Sources */,
				20E105702269C3A50056D030 /* AppSettings.m in Sources */,
				20E1055D2268E2DB0056D030 /* PhotoFinderPresenter.m in Sources */,
				1FC25ED51FD00489009C5C73 /* main.m in Sources */,
				20E1054C2268E2CB0056D030 /* PhotoEditorPresenter.m in Sources */,
				20E1055F2268E2DB0056D030 /* PhotoFinderViewController.m in Sources */,
				20E105212268DBEA0056D030 /* MainNavigationPresenter.m in Sources */,
				1FC25EE11FD01B78009C5C73 /* NetworkService.m in Sources */,
				20E105642268E3980056D030 /* LocalNotificationService.m in Sources */,
				20E1054B2268E2CB0056D030 /* PhotoEditorViewController.m in Sources */,
				20E1054E2268E2CB0056D030 /* PhotoEditorAssembly.m in Sources */,
				1FC25EC71FD00489009C5C73 /* AppDelegate.m in Sources */,
				20E1051E2268DBEA0056D030 /* MainNavigationAssembly.m in Sources */,
				20E105252268DC740056D030 /* MainNavigationTabBarController.m in Sources */,
				1FC25EE91FD070A1009C5C73 /* SBSProgressView.m in Sources */,
				1FC25EE51FD02AF2009C5C73 /* NetworkHelper.m in Sources */,
				20E1051F2268DBEA0056D030 /* MainNavigationRouter.m in Sources */,
			);
			runOnlyForDeploymentPostprocessing = 0;
		};
/* End PBXSourcesBuildPhase section */

/* Begin PBXVariantGroup section */
		1FC25ED01FD00489009C5C73 /* LaunchScreen.storyboard */ = {
			isa = PBXVariantGroup;
			children = (
				1FC25ED11FD00489009C5C73 /* Base */,
			);
			name = LaunchScreen.storyboard;
			sourceTree = "<group>";
		};
/* End PBXVariantGroup section */

/* Begin XCBuildConfiguration section */
		1FC25ED61FD00489009C5C73 /* Debug */ = {
			isa = XCBuildConfiguration;
			buildSettings = {
				ALWAYS_SEARCH_USER_PATHS = NO;
				CLANG_ANALYZER_NONNULL = YES;
				CLANG_ANALYZER_NUMBER_OBJECT_CONVERSION = YES_AGGRESSIVE;
				CLANG_CXX_LANGUAGE_STANDARD = "gnu++14";
				CLANG_CXX_LIBRARY = "libc++";
				CLANG_ENABLE_MODULES = YES;
				CLANG_ENABLE_OBJC_ARC = YES;
				CLANG_WARN_BLOCK_CAPTURE_AUTORELEASING = YES;
				CLANG_WARN_BOOL_CONVERSION = YES;
				CLANG_WARN_COMMA = YES;
				CLANG_WARN_CONSTANT_CONVERSION = YES;
				CLANG_WARN_DIRECT_OBJC_ISA_USAGE = YES_ERROR;
				CLANG_WARN_DOCUMENTATION_COMMENTS = YES;
				CLANG_WARN_EMPTY_BODY = YES;
				CLANG_WARN_ENUM_CONVERSION = YES;
				CLANG_WARN_INFINITE_RECURSION = YES;
				CLANG_WARN_INT_CONVERSION = YES;
				CLANG_WARN_NON_LITERAL_NULL_CONVERSION = YES;
				CLANG_WARN_OBJC_LITERAL_CONVERSION = YES;
				CLANG_WARN_OBJC_ROOT_CLASS = YES_ERROR;
				CLANG_WARN_RANGE_LOOP_ANALYSIS = YES;
				CLANG_WARN_STRICT_PROTOTYPES = YES;
				CLANG_WARN_SUSPICIOUS_MOVE = YES;
				CLANG_WARN_UNGUARDED_AVAILABILITY = YES_AGGRESSIVE;
				CLANG_WARN_UNREACHABLE_CODE = YES;
				CLANG_WARN__DUPLICATE_METHOD_MATCH = YES;
				CODE_SIGN_IDENTITY = "iPhone Developer";
				COPY_PHASE_STRIP = NO;
				DEBUG_INFORMATION_FORMAT = dwarf;
				ENABLE_STRICT_OBJC_MSGSEND = YES;
				ENABLE_TESTABILITY = YES;
				GCC_C_LANGUAGE_STANDARD = gnu11;
				GCC_DYNAMIC_NO_PIC = NO;
				GCC_NO_COMMON_BLOCKS = YES;
				GCC_OPTIMIZATION_LEVEL = 0;
				GCC_PREPROCESSOR_DEFINITIONS = (
					"DEBUG=1",
					"$(inherited)",
				);
				GCC_WARN_64_TO_32_BIT_CONVERSION = YES;
				GCC_WARN_ABOUT_RETURN_TYPE = YES_ERROR;
				GCC_WARN_UNDECLARED_SELECTOR = YES;
				GCC_WARN_UNINITIALIZED_AUTOS = YES_AGGRESSIVE;
				GCC_WARN_UNUSED_FUNCTION = YES;
				GCC_WARN_UNUSED_VARIABLE = YES;
				IPHONEOS_DEPLOYMENT_TARGET = 11.1;
				MTL_ENABLE_DEBUG_INFO = YES;
				ONLY_ACTIVE_ARCH = YES;
				SDKROOT = iphoneos;
			};
			name = Debug;
		};
		1FC25ED71FD00489009C5C73 /* Release */ = {
			isa = XCBuildConfiguration;
			buildSettings = {
				ALWAYS_SEARCH_USER_PATHS = NO;
				CLANG_ANALYZER_NONNULL = YES;
				CLANG_ANALYZER_NUMBER_OBJECT_CONVERSION = YES_AGGRESSIVE;
				CLANG_CXX_LANGUAGE_STANDARD = "gnu++14";
				CLANG_CXX_LIBRARY = "libc++";
				CLANG_ENABLE_MODULES = YES;
				CLANG_ENABLE_OBJC_ARC = YES;
				CLANG_WARN_BLOCK_CAPTURE_AUTORELEASING = YES;
				CLANG_WARN_BOOL_CONVERSION = YES;
				CLANG_WARN_COMMA = YES;
				CLANG_WARN_CONSTANT_CONVERSION = YES;
				CLANG_WARN_DIRECT_OBJC_ISA_USAGE = YES_ERROR;
				CLANG_WARN_DOCUMENTATION_COMMENTS = YES;
				CLANG_WARN_EMPTY_BODY = YES;
				CLANG_WARN_ENUM_CONVERSION = YES;
				CLANG_WARN_INFINITE_RECURSION = YES;
				CLANG_WARN_INT_CONVERSION = YES;
				CLANG_WARN_NON_LITERAL_NULL_CONVERSION = YES;
				CLANG_WARN_OBJC_LITERAL_CONVERSION = YES;
				CLANG_WARN_OBJC_ROOT_CLASS = YES_ERROR;
				CLANG_WARN_RANGE_LOOP_ANALYSIS = YES;
				CLANG_WARN_STRICT_PROTOTYPES = YES;
				CLANG_WARN_SUSPICIOUS_MOVE = YES;
				CLANG_WARN_UNGUARDED_AVAILABILITY = YES_AGGRESSIVE;
				CLANG_WARN_UNREACHABLE_CODE = YES;
				CLANG_WARN__DUPLICATE_METHOD_MATCH = YES;
				CODE_SIGN_IDENTITY = "iPhone Developer";
				COPY_PHASE_STRIP = NO;
				DEBUG_INFORMATION_FORMAT = "dwarf-with-dsym";
				ENABLE_NS_ASSERTIONS = NO;
				ENABLE_STRICT_OBJC_MSGSEND = YES;
				GCC_C_LANGUAGE_STANDARD = gnu11;
				GCC_NO_COMMON_BLOCKS = YES;
				GCC_WARN_64_TO_32_BIT_CONVERSION = YES;
				GCC_WARN_ABOUT_RETURN_TYPE = YES_ERROR;
				GCC_WARN_UNDECLARED_SELECTOR = YES;
				GCC_WARN_UNINITIALIZED_AUTOS = YES_AGGRESSIVE;
				GCC_WARN_UNUSED_FUNCTION = YES;
				GCC_WARN_UNUSED_VARIABLE = YES;
				IPHONEOS_DEPLOYMENT_TARGET = 11.1;
				MTL_ENABLE_DEBUG_INFO = NO;
				SDKROOT = iphoneos;
				VALIDATE_PRODUCT = YES;
			};
			name = Release;
		};
		1FC25ED91FD00489009C5C73 /* Debug */ = {
			isa = XCBuildConfiguration;
			buildSettings = {
				ASSETCATALOG_COMPILER_APPICON_NAME = AppIcon;
				CLANG_ENABLE_MODULES = YES;
				CODE_SIGN_ENTITLEMENTS = NSUrlRequestProject/NSUrlRequestProject.entitlements;
				CODE_SIGN_STYLE = Automatic;
				DEVELOPMENT_TEAM = 92VC4PD35V;
				INFOPLIST_FILE = NSUrlRequestProject/Info.plist;
				LD_RUNPATH_SEARCH_PATHS = "$(inherited) @executable_path/Frameworks";
				PRODUCT_BUNDLE_IDENTIFIER = com.pockerhead.flicker;
				PRODUCT_NAME = "$(TARGET_NAME)";
				SWIFT_OBJC_BRIDGING_HEADER = "NSUrlRequestProject/MainNavigation/NSUrlRequestProject-Bridging-Header.h";
				SWIFT_OPTIMIZATION_LEVEL = "-Onone";
				SWIFT_VERSION = 5.0;
				TARGETED_DEVICE_FAMILY = "1,2";
			};
			name = Debug;
		};
		1FC25EDA1FD00489009C5C73 /* Release */ = {
			isa = XCBuildConfiguration;
			buildSettings = {
				ASSETCATALOG_COMPILER_APPICON_NAME = AppIcon;
				CLANG_ENABLE_MODULES = YES;
				CODE_SIGN_ENTITLEMENTS = NSUrlRequestProject/NSUrlRequestProject.entitlements;
				CODE_SIGN_STYLE = Automatic;
				DEVELOPMENT_TEAM = 92VC4PD35V;
				INFOPLIST_FILE = NSUrlRequestProject/Info.plist;
				LD_RUNPATH_SEARCH_PATHS = "$(inherited) @executable_path/Frameworks";
				PRODUCT_BUNDLE_IDENTIFIER = com.pockerhead.flicker;
				PRODUCT_NAME = "$(TARGET_NAME)";
				SWIFT_OBJC_BRIDGING_HEADER = "NSUrlRequestProject/MainNavigation/NSUrlRequestProject-Bridging-Header.h";
				SWIFT_VERSION = 5.0;
				TARGETED_DEVICE_FAMILY = "1,2";
			};
			name = Release;
		};
/* End XCBuildConfiguration section */

/* Begin XCConfigurationList section */
		1FC25EBD1FD00489009C5C73 /* Build configuration list for PBXProject "NSUrlRequestProject" */ = {
			isa = XCConfigurationList;
			buildConfigurations = (
				1FC25ED61FD00489009C5C73 /* Debug */,
				1FC25ED71FD00489009C5C73 /* Release */,
			);
			defaultConfigurationIsVisible = 0;
			defaultConfigurationName = Release;
		};
		1FC25ED81FD00489009C5C73 /* Build configuration list for PBXNativeTarget "NSUrlRequestProject" */ = {
			isa = XCConfigurationList;
			buildConfigurations = (
				1FC25ED91FD00489009C5C73 /* Debug */,
				1FC25EDA1FD00489009C5C73 /* Release */,
			);
			defaultConfigurationIsVisible = 0;
			defaultConfigurationName = Release;
		};
/* End XCConfigurationList section */
	};
	rootObject = 1FC25EBA1FD00489009C5C73 /* Project object */;
}
